// !$*UTF8*$!
{
	archiveVersion = 1;
	classes = {
	};
	objectVersion = 56;
	objects = {

/* Begin PBXBuildFile section */
		A05C4DF22E13F6E300EB0ECA /* ProductService.swift in Sources */ = {isa = PBXBuildFile; fileRef = A05C4DF12E13F6E300EB0ECA /* ProductService.swift */; };
		A05C4DF42E13F8FC00EB0ECA /* ProductListCoordinator.swift in Sources */ = {isa = PBXBuildFile; fileRef = A05C4DF32E13F8FC00EB0ECA /* ProductListCoordinator.swift */; };
		A0AF8BE02E13A63900BA8355 /* AppDelegate.swift in Sources */ = {isa = PBXBuildFile; fileRef = A0AF8BDF2E13A63900BA8355 /* AppDelegate.swift */; };
		A0AF8BE22E13A63900BA8355 /* SceneDelegate.swift in Sources */ = {isa = PBXBuildFile; fileRef = A0AF8BE12E13A63900BA8355 /* SceneDelegate.swift */; };
		A0AF8BE42E13A63900BA8355 /* ProductListViewController.swift in Sources */ = {isa = PBXBuildFile; fileRef = A0AF8BE32E13A63900BA8355 /* ProductListViewController.swift */; };
		A0AF8BE92E13A63C00BA8355 /* Assets.xcassets in Resources */ = {isa = PBXBuildFile; fileRef = A0AF8BE82E13A63C00BA8355 /* Assets.xcassets */; };
		A0AF8BEC2E13A63C00BA8355 /* LaunchScreen.storyboard in Resources */ = {isa = PBXBuildFile; fileRef = A0AF8BEA2E13A63C00BA8355 /* LaunchScreen.storyboard */; };
		A0AF8BF62E13AA5200BA8355 /* Product.swift in Sources */ = {isa = PBXBuildFile; fileRef = A0AF8BF52E13AA5200BA8355 /* Product.swift */; };
		A0AF8BF92E13AAB200BA8355 /* ProductListViewModel.swift in Sources */ = {isa = PBXBuildFile; fileRef = A0AF8BF82E13AAB200BA8355 /* ProductListViewModel.swift */; };
		A0AF8BFB2E13AB2000BA8355 /* ProductCell.swift in Sources */ = {isa = PBXBuildFile; fileRef = A0AF8BFA2E13AB2000BA8355 /* ProductCell.swift */; };
		A0AF8BFD2E13AB6700BA8355 /* ProductDetailPopupView.swift in Sources */ = {isa = PBXBuildFile; fileRef = A0AF8BFC2E13AB6700BA8355 /* ProductDetailPopupView.swift */; };
/* End PBXBuildFile section */

/* Begin PBXFileReference section */
		A05C4DF12E13F6E300EB0ECA /* ProductService.swift */ = {isa = PBXFileReference; lastKnownFileType = sourcecode.swift; path = ProductService.swift; sourceTree = "<group>"; };
		A05C4DF32E13F8FC00EB0ECA /* ProductListCoordinator.swift */ = {isa = PBXFileReference; lastKnownFileType = sourcecode.swift; path = ProductListCoordinator.swift; sourceTree = "<group>"; };
		A0AF8BDC2E13A63900BA8355 /* ProductList.app */ = {isa = PBXFileReference; explicitFileType = wrapper.application; includeInIndex = 0; path = ProductList.app; sourceTree = BUILT_PRODUCTS_DIR; };
		A0AF8BDF2E13A63900BA8355 /* AppDelegate.swift */ = {isa = PBXFileReference; lastKnownFileType = sourcecode.swift; path = AppDelegate.swift; sourceTree = "<group>"; };
		A0AF8BE12E13A63900BA8355 /* SceneDelegate.swift */ = {isa = PBXFileReference; lastKnownFileType = sourcecode.swift; path = SceneDelegate.swift; sourceTree = "<group>"; };
		A0AF8BE32E13A63900BA8355 /* ProductListViewController.swift */ = {isa = PBXFileReference; lastKnownFileType = sourcecode.swift; path = ProductListViewController.swift; sourceTree = "<group>"; };
		A0AF8BE82E13A63C00BA8355 /* Assets.xcassets */ = {isa = PBXFileReference; lastKnownFileType = folder.assetcatalog; path = Assets.xcassets; sourceTree = "<group>"; };
		A0AF8BEB2E13A63C00BA8355 /* Base */ = {isa = PBXFileReference; lastKnownFileType = file.storyboard; name = Base; path = Base.lproj/LaunchScreen.storyboard; sourceTree = "<group>"; };
		A0AF8BED2E13A63C00BA8355 /* Info.plist */ = {isa = PBXFileReference; lastKnownFileType = text.plist.xml; path = Info.plist; sourceTree = "<group>"; };
		A0AF8BF52E13AA5200BA8355 /* Product.swift */ = {isa = PBXFileReference; lastKnownFileType = sourcecode.swift; path = Product.swift; sourceTree = "<group>"; };
		A0AF8BF82E13AAB200BA8355 /* ProductListViewModel.swift */ = {isa = PBXFileReference; lastKnownFileType = sourcecode.swift; path = ProductListViewModel.swift; sourceTree = "<group>"; };
		A0AF8BFA2E13AB2000BA8355 /* ProductCell.swift */ = {isa = PBXFileReference; lastKnownFileType = sourcecode.swift; path = ProductCell.swift; sourceTree = "<group>"; };
		A0AF8BFC2E13AB6700BA8355 /* ProductDetailPopupView.swift */ = {isa = PBXFileReference; lastKnownFileType = sourcecode.swift; path = ProductDetailPopupView.swift; sourceTree = "<group>"; };
/* End PBXFileReference section */

/* Begin PBXFrameworksBuildPhase section */
		A0AF8BD92E13A63900BA8355 /* Frameworks */ = {
			isa = PBXFrameworksBuildPhase;
			buildActionMask = 2147483647;
			files = (
			);
			runOnlyForDeploymentPostprocessing = 0;
		};
/* End PBXFrameworksBuildPhase section */

/* Begin PBXGroup section */
		A05C4DF02E13F6C500EB0ECA /* Service */ = {
			isa = PBXGroup;
			children = (
				A05C4DF12E13F6E300EB0ECA /* ProductService.swift */,
			);
			path = Service;
			sourceTree = "<group>";
		};
		A0AF8BD32E13A63900BA8355 = {
			isa = PBXGroup;
			children = (
				A0AF8BDE2E13A63900BA8355 /* ProductList */,
				A0AF8BDD2E13A63900BA8355 /* Products */,
			);
			sourceTree = "<group>";
		};
		A0AF8BDD2E13A63900BA8355 /* Products */ = {
			isa = PBXGroup;
			children = (
				A0AF8BDC2E13A63900BA8355 /* ProductList.app */,
			);
			name = Products;
			sourceTree = "<group>";
		};
		A0AF8BDE2E13A63900BA8355 /* ProductList */ = {
			isa = PBXGroup;
			children = (
				A0AF8BDF2E13A63900BA8355 /* AppDelegate.swift */,
				A0AF8BE12E13A63900BA8355 /* SceneDelegate.swift */,
				A05C4DF32E13F8FC00EB0ECA /* ProductListCoordinator.swift */,
				A0AF8BF42E13AA2800BA8355 /* Model */,
				A0AF8BF32E13AA1B00BA8355 /* View */,
				A0AF8BF72E13AA8C00BA8355 /* ViewModel */,
				A05C4DF02E13F6C500EB0ECA /* Service */,
				A0AF8BE82E13A63C00BA8355 /* Assets.xcassets */,
				A0AF8BEA2E13A63C00BA8355 /* LaunchScreen.storyboard */,
				A0AF8BED2E13A63C00BA8355 /* Info.plist */,
			);
			path = ProductList;
			sourceTree = "<group>";
		};
		A0AF8BF32E13AA1B00BA8355 /* View */ = {
			isa = PBXGroup;
			children = (
				A0AF8BE32E13A63900BA8355 /* ProductListViewController.swift */,
				A0AF8BFA2E13AB2000BA8355 /* ProductCell.swift */,
				A0AF8BFC2E13AB6700BA8355 /* ProductDetailPopupView.swift */,
			);
			path = View;
			sourceTree = "<group>";
		};
		A0AF8BF42E13AA2800BA8355 /* Model */ = {
			isa = PBXGroup;
			children = (
				A0AF8BF52E13AA5200BA8355 /* Product.swift */,
			);
			path = Model;
			sourceTree = "<group>";
		};
		A0AF8BF72E13AA8C00BA8355 /* ViewModel */ = {
			isa = PBXGroup;
			children = (
				A0AF8BF82E13AAB200BA8355 /* ProductListViewModel.swift */,
			);
			path = ViewModel;
			sourceTree = "<group>";
		};
/* End PBXGroup section */

/* Begin PBXNativeTarget section */
		A0AF8BDB2E13A63900BA8355 /* ProductList */ = {
			isa = PBXNativeTarget;
			buildConfigurationList = A0AF8BF02E13A63C00BA8355 /* Build configuration list for PBXNativeTarget "ProductList" */;
			buildPhases = (
				A0AF8BD82E13A63900BA8355 /* Sources */,
				A0AF8BD92E13A63900BA8355 /* Frameworks */,
				A0AF8BDA2E13A63900BA8355 /* Resources */,
			);
			buildRules = (
			);
			dependencies = (
			);
			name = ProductList;
			productName = ProductList;
			productReference = A0AF8BDC2E13A63900BA8355 /* ProductList.app */;
			productType = "com.apple.product-type.application";
		};
/* End PBXNativeTarget section */

/* Begin PBXProject section */
		A0AF8BD42E13A63900BA8355 /* Project object */ = {
			isa = PBXProject;
			attributes = {
				BuildIndependentTargetsInParallel = 1;
				LastSwiftUpdateCheck = 1400;
				LastUpgradeCheck = 1400;
				TargetAttributes = {
					A0AF8BDB2E13A63900BA8355 = {
						CreatedOnToolsVersion = 14.0.1;
					};
				};
			};
			buildConfigurationList = A0AF8BD72E13A63900BA8355 /* Build configuration list for PBXProject "ProductList" */;
			compatibilityVersion = "Xcode 14.0";
			developmentRegion = en;
			hasScannedForEncodings = 0;
			knownRegions = (
				en,
				Base,
			);
			mainGroup = A0AF8BD32E13A63900BA8355;
			productRefGroup = A0AF8BDD2E13A63900BA8355 /* Products */;
			projectDirPath = "";
			projectRoot = "";
			targets = (
				A0AF8BDB2E13A63900BA8355 /* ProductList */,
			);
		};
/* End PBXProject section */

/* Begin PBXResourcesBuildPhase section */
		A0AF8BDA2E13A63900BA8355 /* Resources */ = {
			isa = PBXResourcesBuildPhase;
			buildActionMask = 2147483647;
			files = (
				A0AF8BEC2E13A63C00BA8355 /* LaunchScreen.storyboard in Resources */,
				A0AF8BE92E13A63C00BA8355 /* Assets.xcassets in Resources */,
			);
			runOnlyForDeploymentPostprocessing = 0;
		};
/* End PBXResourcesBuildPhase section */

/* Begin PBXSourcesBuildPhase section */
		A0AF8BD82E13A63900BA8355 /* Sources */ = {
			isa = PBXSourcesBuildPhase;
			buildActionMask = 2147483647;
			files = (
				A0AF8BE42E13A63900BA8355 /* ProductListViewController.swift in Sources */,
				A05C4DF22E13F6E300EB0ECA /* ProductService.swift in Sources */,
				A0AF8BFD2E13AB6700BA8355 /* ProductDetailPopupView.swift in Sources */,
				A0AF8BF92E13AAB200BA8355 /* ProductListViewModel.swift in Sources */,
				A05C4DF42E13F8FC00EB0ECA /* ProductListCoordinator.swift in Sources */,
				A0AF8BF62E13AA5200BA8355 /* Product.swift in Sources */,
				A0AF8BFB2E13AB2000BA8355 /* ProductCell.swift in Sources */,
				A0AF8BE02E13A63900BA8355 /* AppDelegate.swift in Sources */,
				A0AF8BE22E13A63900BA8355 /* SceneDelegate.swift in Sources */,
			);
			runOnlyForDeploymentPostprocessing = 0;
		};
/* End PBXSourcesBuildPhase section */

/* Begin PBXVariantGroup section */
		A0AF8BEA2E13A63C00BA8355 /* LaunchScreen.storyboard */ = {
			isa = PBXVariantGroup;
			children = (
				A0AF8BEB2E13A63C00BA8355 /* Base */,
			);
			name = LaunchScreen.storyboard;
			sourceTree = "<group>";
		};
/* End PBXVariantGroup section */

/* Begin XCBuildConfiguration section */
		A0AF8BEE2E13A63C00BA8355 /* Debug */ = {
			isa = XCBuildConfiguration;
			buildSettings = {
				ALWAYS_SEARCH_USER_PATHS = NO;
				CLANG_ANALYZER_NONNULL = YES;
				CLANG_ANALYZER_NUMBER_OBJECT_CONVERSION = YES_AGGRESSIVE;
				CLANG_CXX_LANGUAGE_STANDARD = "gnu++20";
				CLANG_ENABLE_MODULES = YES;
				CLANG_ENABLE_OBJC_ARC = YES;
				CLANG_ENABLE_OBJC_WEAK = YES;
				CLANG_WARN_BLOCK_CAPTURE_AUTORELEASING = YES;
				CLANG_WARN_BOOL_CONVERSION = YES;
				CLANG_WARN_COMMA = YES;
				CLANG_WARN_CONSTANT_CONVERSION = YES;
				CLANG_WARN_DEPRECATED_OBJC_IMPLEMENTATIONS = YES;
				CLANG_WARN_DIRECT_OBJC_ISA_USAGE = YES_ERROR;
				CLANG_WARN_DOCUMENTATION_COMMENTS = YES;
				CLANG_WARN_EMPTY_BODY = YES;
				CLANG_WARN_ENUM_CONVERSION = YES;
				CLANG_WARN_INFINITE_RECURSION = YES;
				CLANG_WARN_INT_CONVERSION = YES;
				CLANG_WARN_NON_LITERAL_NULL_CONVERSION = YES;
				CLANG_WARN_OBJC_IMPLICIT_RETAIN_SELF = YES;
				CLANG_WARN_OBJC_LITERAL_CONVERSION = YES;
				CLANG_WARN_OBJC_ROOT_CLASS = YES_ERROR;
				CLANG_WARN_QUOTED_INCLUDE_IN_FRAMEWORK_HEADER = YES;
				CLANG_WARN_RANGE_LOOP_ANALYSIS = YES;
				CLANG_WARN_STRICT_PROTOTYPES = YES;
				CLANG_WARN_SUSPICIOUS_MOVE = YES;
				CLANG_WARN_UNGUARDED_AVAILABILITY = YES_AGGRESSIVE;
				CLANG_WARN_UNREACHABLE_CODE = YES;
				CLANG_WARN__DUPLICATE_METHOD_MATCH = YES;
				COPY_PHASE_STRIP = NO;
				DEBUG_INFORMATION_FORMAT = dwarf;
				ENABLE_STRICT_OBJC_MSGSEND = YES;
				ENABLE_TESTABILITY = YES;
				GCC_C_LANGUAGE_STANDARD = gnu11;
				GCC_DYNAMIC_NO_PIC = NO;
				GCC_NO_COMMON_BLOCKS = YES;
				GCC_OPTIMIZATION_LEVEL = 0;
				GCC_PREPROCESSOR_DEFINITIONS = (
					"DEBUG=1",
					"$(inherited)",
				);
				GCC_WARN_64_TO_32_BIT_CONVERSION = YES;
				GCC_WARN_ABOUT_RETURN_TYPE = YES_ERROR;
				GCC_WARN_UNDECLARED_SELECTOR = YES;
				GCC_WARN_UNINITIALIZED_AUTOS = YES_AGGRESSIVE;
				GCC_WARN_UNUSED_FUNCTION = YES;
				GCC_WARN_UNUSED_VARIABLE = YES;
				IPHONEOS_DEPLOYMENT_TARGET = 16.0;
				MTL_ENABLE_DEBUG_INFO = INCLUDE_SOURCE;
				MTL_FAST_MATH = YES;
				ONLY_ACTIVE_ARCH = YES;
				SDKROOT = iphoneos;
				SWIFT_ACTIVE_COMPILATION_CONDITIONS = DEBUG;
				SWIFT_OPTIMIZATION_LEVEL = "-Onone";
			};
			name = Debug;
		};
		A0AF8BEF2E13A63C00BA8355 /* Release */ = {
			isa = XCBuildConfiguration;
			buildSettings = {
				ALWAYS_SEARCH_USER_PATHS = NO;
				CLANG_ANALYZER_NONNULL = YES;
				CLANG_ANALYZER_NUMBER_OBJECT_CONVERSION = YES_AGGRESSIVE;
				CLANG_CXX_LANGUAGE_STANDARD = "gnu++20";
				CLANG_ENABLE_MODULES = YES;
				CLANG_ENABLE_OBJC_ARC = YES;
				CLANG_ENABLE_OBJC_WEAK = YES;
				CLANG_WARN_BLOCK_CAPTURE_AUTORELEASING = YES;
				CLANG_WARN_BOOL_CONVERSION = YES;
				CLANG_WARN_COMMA = YES;
				CLANG_WARN_CONSTANT_CONVERSION = YES;
				CLANG_WARN_DEPRECATED_OBJC_IMPLEMENTATIONS = YES;
				CLANG_WARN_DIRECT_OBJC_ISA_USAGE = YES_ERROR;
				CLANG_WARN_DOCUMENTATION_COMMENTS = YES;
				CLANG_WARN_EMPTY_BODY = YES;
				CLANG_WARN_ENUM_CONVERSION = YES;
				CLANG_WARN_INFINITE_RECURSION = YES;
				CLANG_WARN_INT_CONVERSION = YES;
				CLANG_WARN_NON_LITERAL_NULL_CONVERSION = YES;
				CLANG_WARN_OBJC_IMPLICIT_RETAIN_SELF = YES;
				CLANG_WARN_OBJC_LITERAL_CONVERSION = YES;
				CLANG_WARN_OBJC_ROOT_CLASS = YES_ERROR;
				CLANG_WARN_QUOTED_INCLUDE_IN_FRAMEWORK_HEADER = YES;
				CLANG_WARN_RANGE_LOOP_ANALYSIS = YES;
				CLANG_WARN_STRICT_PROTOTYPES = YES;
				CLANG_WARN_SUSPICIOUS_MOVE = YES;
				CLANG_WARN_UNGUARDED_AVAILABILITY = YES_AGGRESSIVE;
				CLANG_WARN_UNREACHABLE_CODE = YES;
				CLANG_WARN__DUPLICATE_METHOD_MATCH = YES;
				COPY_PHASE_STRIP = NO;
				DEBUG_INFORMATION_FORMAT = "dwarf-with-dsym";
				ENABLE_NS_ASSERTIONS = NO;
				ENABLE_STRICT_OBJC_MSGSEND = YES;
				GCC_C_LANGUAGE_STANDARD = gnu11;
				GCC_NO_COMMON_BLOCKS = YES;
				GCC_WARN_64_TO_32_BIT_CONVERSION = YES;
				GCC_WARN_ABOUT_RETURN_TYPE = YES_ERROR;
				GCC_WARN_UNDECLARED_SELECTOR = YES;
				GCC_WARN_UNINITIALIZED_AUTOS = YES_AGGRESSIVE;
				GCC_WARN_UNUSED_FUNCTION = YES;
				GCC_WARN_UNUSED_VARIABLE = YES;
				IPHONEOS_DEPLOYMENT_TARGET = 16.0;
				MTL_ENABLE_DEBUG_INFO = NO;
				MTL_FAST_MATH = YES;
				SDKROOT = iphoneos;
				SWIFT_COMPILATION_MODE = wholemodule;
				SWIFT_OPTIMIZATION_LEVEL = "-O";
				VALIDATE_PRODUCT = YES;
			};
			name = Release;
		};
		A0AF8BF12E13A63C00BA8355 /* Debug */ = {
			isa = XCBuildConfiguration;
			buildSettings = {
				ASSETCATALOG_COMPILER_APPICON_NAME = AppIcon;
				ASSETCATALOG_COMPILER_GLOBAL_ACCENT_COLOR_NAME = AccentColor;
				CODE_SIGN_STYLE = Automatic;
				CURRENT_PROJECT_VERSION = 1;
				DEVELOPMENT_TEAM = 7TQLZFHBG5;
				GENERATE_INFOPLIST_FILE = YES;
				INFOPLIST_FILE = ProductList/Info.plist;
				INFOPLIST_KEY_UIApplicationSupportsIndirectInputEvents = YES;
				INFOPLIST_KEY_UILaunchStoryboardName = LaunchScreen;
				INFOPLIST_KEY_UISupportedInterfaceOrientations_iPad = "UIInterfaceOrientationPortrait UIInterfaceOrientationPortraitUpsideDown UIInterfaceOrientationLandscapeLeft UIInterfaceOrientationLandscapeRight";
				INFOPLIST_KEY_UISupportedInterfaceOrientations_iPhone = "UIInterfaceOrientationPortrait UIInterfaceOrientationLandscapeLeft UIInterfaceOrientationLandscapeRight";
				LD_RUNPATH_SEARCH_PATHS = (
					"$(inherited)",
					"@executable_path/Frameworks",
				);
				MARKETING_VERSION = 1.0;
				PRODUCT_BUNDLE_IDENTIFIER = "Popov-Pavel.ProductList";
				PRODUCT_NAME = "$(TARGET_NAME)";
				SWIFT_EMIT_LOC_STRINGS = YES;
				SWIFT_VERSION = 5.0;
				TARGETED_DEVICE_FAMILY = "1,2";
			};
			name = Debug;
		};
		A0AF8BF22E13A63C00BA8355 /* Release */ = {
			isa = XCBuildConfiguration;
			buildSettings = {
				ASSETCATALOG_COMPILER_APPICON_NAME = AppIcon;
				ASSETCATALOG_COMPILER_GLOBAL_ACCENT_COLOR_NAME = AccentColor;
				CODE_SIGN_STYLE = Automatic;
				CURRENT_PROJECT_VERSION = 1;
				DEVELOPMENT_TEAM = 7TQLZFHBG5;
				GENERATE_INFOPLIST_FILE = YES;
				INFOPLIST_FILE = ProductList/Info.plist;
				INFOPLIST_KEY_UIApplicationSupportsIndirectInputEvents = YES;
				INFOPLIST_KEY_UILaunchStoryboardName = LaunchScreen;
				INFOPLIST_KEY_UISupportedInterfaceOrientations_iPad = "UIInterfaceOrientationPortrait UIInterfaceOrientationPortraitUpsideDown UIInterfaceOrientationLandscapeLeft UIInterfaceOrientationLandscapeRight";
				INFOPLIST_KEY_UISupportedInterfaceOrientations_iPhone = "UIInterfaceOrientationPortrait UIInterfaceOrientationLandscapeLeft UIInterfaceOrientationLandscapeRight";
				LD_RUNPATH_SEARCH_PATHS = (
					"$(inherited)",
					"@executable_path/Frameworks",
				);
				MARKETING_VERSION = 1.0;
				PRODUCT_BUNDLE_IDENTIFIER = "Popov-Pavel.ProductList";
				PRODUCT_NAME = "$(TARGET_NAME)";
				SWIFT_EMIT_LOC_STRINGS = YES;
				SWIFT_VERSION = 5.0;
				TARGETED_DEVICE_FAMILY = "1,2";
			};
			name = Release;
		};
/* End XCBuildConfiguration section */

/* Begin XCConfigurationList section */
		A0AF8BD72E13A63900BA8355 /* Build configuration list for PBXProject "ProductList" */ = {
			isa = XCConfigurationList;
			buildConfigurations = (
				A0AF8BEE2E13A63C00BA8355 /* Debug */,
				A0AF8BEF2E13A63C00BA8355 /* Release */,
			);
			defaultConfigurationIsVisible = 0;
			defaultConfigurationName = Release;
		};
		A0AF8BF02E13A63C00BA8355 /* Build configuration list for PBXNativeTarget "ProductList" */ = {
			isa = XCConfigurationList;
			buildConfigurations = (
				A0AF8BF12E13A63C00BA8355 /* Debug */,
				A0AF8BF22E13A63C00BA8355 /* Release */,
			);
			defaultConfigurationIsVisible = 0;
			defaultConfigurationName = Release;
		};
/* End XCConfigurationList section */
	};
	rootObject = A0AF8BD42E13A63900BA8355 /* Project object */;
}
